
Microsoft Visual Studio Solution File, Format Version 12.00
Project("{FAE04EC0-301F-11D3-BF4B-00C04F79EFBC}") = "Project02", "Project02\Project02.csproj", "{BCAD9377-C3B9-4489-A277-E161AB4FE6DA}"
EndProject
Global
	GlobalSection(SolutionConfigurationPlatforms) = preSolution
		Debug|Any CPU = Debug|Any CPU
		Release|Any CPU = Release|Any CPU
	EndGlobalSection
	GlobalSection(ProjectConfigurationPlatforms) = postSolution
		{BCAD9377-C3B9-4489-A277-E161AB4FE6DA}.Debug|Any CPU.ActiveCfg = Debug|Any CPU
		{BCAD9377-C3B9-4489-A277-E161AB4FE6DA}.Debug|Any CPU.Build.0 = Debug|Any CPU
		{BCAD9377-C3B9-4489-A277-E161AB4FE6DA}.Release|Any CPU.ActiveCfg = Release|Any CPU
		{BCAD9377-C3B9-4489-A277-E161AB4FE6DA}.Release|Any CPU.Build.0 = Release|Any CPU
	EndGlobalSection
EndGlobal
