
Microsoft Visual Studio Solution File, Format Version 12.00
# Visual Studio Version 16
VisualStudioVersion = 16.0.30114.105
MinimumVisualStudioVersion = 10.0.40219.1
Project("{FAE04EC0-301F-11D3-BF4B-00C04F79EFBC}") = "Math-Quiz", "Math-Quiz.csproj", "{84B99F49-15F5-4727-BF48-F15349CC4FFC}"
EndProject
Global
	GlobalSection(SolutionConfigurationPlatforms) = preSolution
		Debug|Any CPU = Debug|Any CPU
		Release|Any CPU = Release|Any CPU
	EndGlobalSection
	GlobalSection(ProjectConfigurationPlatforms) = postSolution
		{84B99F49-15F5-4727-BF48-F15349CC4FFC}.Debug|Any CPU.ActiveCfg = Debug|Any CPU
		{84B99F49-15F5-4727-BF48-F15349CC4FFC}.Debug|Any CPU.Build.0 = Debug|Any CPU
		{84B99F49-15F5-4727-BF48-F15349CC4FFC}.Release|Any CPU.ActiveCfg = Release|Any CPU
		{84B99F49-15F5-4727-BF48-F15349CC4FFC}.Release|Any CPU.Build.0 = Release|Any CPU
	EndGlobalSection
	GlobalSection(SolutionProperties) = preSolution
		HideSolutionNode = FALSE
	EndGlobalSection
	GlobalSection(ExtensibilityGlobals) = postSolution
		SolutionGuid = {A6547184-567C-4CA9-896B-93C0611D6A7C}
	EndGlobalSection
EndGlobal
