
Microsoft Visual Studio Solution File, Format Version 12.00
# Visual Studio Version 16
VisualStudioVersion = 16.0.30503.244
MinimumVisualStudioVersion = 10.0.40219.1
Project("{FAE04EC0-301F-11D3-BF4B-00C04F79EFBC}") = "IceCream", "IceCream\IceCream.csproj", "{ABF70785-ACE7-4457-994F-C36A2F95D3DE}"
EndProject
Global
	GlobalSection(SolutionConfigurationPlatforms) = preSolution
		Debug|Any CPU = Debug|Any CPU
		Release|Any CPU = Release|Any CPU
	EndGlobalSection
	GlobalSection(ProjectConfigurationPlatforms) = postSolution
		{ABF70785-ACE7-4457-994F-C36A2F95D3DE}.Debug|Any CPU.ActiveCfg = Debug|Any CPU
		{ABF70785-ACE7-4457-994F-C36A2F95D3DE}.Debug|Any CPU.Build.0 = Debug|Any CPU
		{ABF70785-ACE7-4457-994F-C36A2F95D3DE}.Release|Any CPU.ActiveCfg = Release|Any CPU
		{ABF70785-ACE7-4457-994F-C36A2F95D3DE}.Release|Any CPU.Build.0 = Release|Any CPU
	EndGlobalSection
	GlobalSection(SolutionProperties) = preSolution
		HideSolutionNode = FALSE
	EndGlobalSection
	GlobalSection(ExtensibilityGlobals) = postSolution
		SolutionGuid = {B8E60750-FF94-45E1-88A7-DD49F2F70849}
	EndGlobalSection
EndGlobal
